// !$*UTF8*$!
{
	archiveVersion = 1;
	classes = {
	};
	objectVersion = 48;
	objects = {

/* Begin PBXBuildFile section */
		2623868B0785D95747DF2FF8 /* Pods_Fleetv3Tests.framework in Frameworks */ = {isa = PBXBuildFile; fileRef = 09724C0E27ED01F751068D73 /* Pods_Fleetv3Tests.framework */; };
		4B3358B0204F01D70022E1D7 /* AppDelegate.swift in Sources */ = {isa = PBXBuildFile; fileRef = 4B3358AF204F01D70022E1D7 /* AppDelegate.swift */; };
		4B3358B2204F01D70022E1D7 /* ViewController.swift in Sources */ = {isa = PBXBuildFile; fileRef = 4B3358B1204F01D70022E1D7 /* ViewController.swift */; };
		4B3358B5204F01D80022E1D7 /* Main.storyboard in Resources */ = {isa = PBXBuildFile; fileRef = 4B3358B3204F01D80022E1D7 /* Main.storyboard */; };
		4B3358B7204F01D80022E1D7 /* Assets.xcassets in Resources */ = {isa = PBXBuildFile; fileRef = 4B3358B6204F01D80022E1D7 /* Assets.xcassets */; };
		4B3358BA204F01D80022E1D7 /* LaunchScreen.storyboard in Resources */ = {isa = PBXBuildFile; fileRef = 4B3358B8204F01D80022E1D7 /* LaunchScreen.storyboard */; };
		4B3358C5204F01D80022E1D7 /* Fleetv3Tests.swift in Sources */ = {isa = PBXBuildFile; fileRef = 4B3358C4204F01D80022E1D7 /* Fleetv3Tests.swift */; };
		4B3358D0204F01D80022E1D7 /* Fleetv3UITests.swift in Sources */ = {isa = PBXBuildFile; fileRef = 4B3358CF204F01D80022E1D7 /* Fleetv3UITests.swift */; };
		4B3358DE204F8F570022E1D7 /* F1.jpeg in Resources */ = {isa = PBXBuildFile; fileRef = 4B3358DD204F8F570022E1D7 /* F1.jpeg */; };
		4B3358E3204F98FD0022E1D7 /* F0.jpeg in Resources */ = {isa = PBXBuildFile; fileRef = 4B3358E2204F98FD0022E1D7 /* F0.jpeg */; };
		4B3358E520503CA80022E1D7 /* F01.png in Resources */ = {isa = PBXBuildFile; fileRef = 4B3358E420503CA80022E1D7 /* F01.png */; };
		4B3358FA2050504A0022E1D7 /* SWRevealViewController.m in Sources */ = {isa = PBXBuildFile; fileRef = 4B3358F82050504A0022E1D7 /* SWRevealViewController.m */; };
		4B6BE3502050EFB700E5383C /* PayVC.swift in Sources */ = {isa = PBXBuildFile; fileRef = 4B6BE34F2050EFB700E5383C /* PayVC.swift */; };
		4B6BE3522050F5AF00E5383C /* OrderVC.swift in Sources */ = {isa = PBXBuildFile; fileRef = 4B6BE3512050F5AF00E5383C /* OrderVC.swift */; };
		4B6BE3542050F99000E5383C /* menuicon.png in Resources */ = {isa = PBXBuildFile; fileRef = 4B6BE3532050F99000E5383C /* menuicon.png */; };
		4B7629602050AC3B007D173A /* ShopViewController.swift in Sources */ = {isa = PBXBuildFile; fileRef = 4B76295F2050AC3B007D173A /* ShopViewController.swift */; };
		4B7629622050B026007D173A /* CustomerMenuTVC.swift in Sources */ = {isa = PBXBuildFile; fileRef = 4B7629612050B026007D173A /* CustomerMenuTVC.swift */; };
		4B7629642050B954007D173A /* ProductListTVC.swift in Sources */ = {isa = PBXBuildFile; fileRef = 4B7629632050B954007D173A /* ProductListTVC.swift */; };
		4B7629662050D9B5007D173A /* ProductInfoVC.swift in Sources */ = {isa = PBXBuildFile; fileRef = 4B7629652050D9B5007D173A /* ProductInfoVC.swift */; };
		4B7629682050E28F007D173A /* BasketVC.swift in Sources */ = {isa = PBXBuildFile; fileRef = 4B7629672050E28F007D173A /* BasketVC.swift */; };
		4B76296B2050E37A007D173A /* MapKit.framework in Frameworks */ = {isa = PBXBuildFile; fileRef = 4B76296A2050E37A007D173A /* MapKit.framework */; };
		4BDF565120511352003C8047 /* Fbmanager.swift in Sources */ = {isa = PBXBuildFile; fileRef = 4BDF565020511352003C8047 /* Fbmanager.swift */; };
		4BDF5653205116A9003C8047 /* LoginVC.swift in Sources */ = {isa = PBXBuildFile; fileRef = 4BDF5652205116A9003C8047 /* LoginVC.swift */; };
		4BDF56552052F66A003C8047 /* User.swift in Sources */ = {isa = PBXBuildFile; fileRef = 4BDF56542052F66A003C8047 /* User.swift */; };
		762F203217F294AA11D861C5 /* Pods_Fleetv3.framework in Frameworks */ = {isa = PBXBuildFile; fileRef = F2B8ECECF79149EEDA53E9EF /* Pods_Fleetv3.framework */; };
		F7F1C57646EC59860F8CCFBD /* Pods_Fleetv3UITests.framework in Frameworks */ = {isa = PBXBuildFile; fileRef = EF7C6CE3E1AEB2C8CC8018C3 /* Pods_Fleetv3UITests.framework */; };
/* End PBXBuildFile section */

/* Begin PBXContainerItemProxy section */
		4B3358C1204F01D80022E1D7 /* PBXContainerItemProxy */ = {
			isa = PBXContainerItemProxy;
			containerPortal = 4B3358A4204F01D70022E1D7 /* Project object */;
			proxyType = 1;
			remoteGlobalIDString = 4B3358AB204F01D70022E1D7;
			remoteInfo = Fleetv3;
		};
		4B3358CC204F01D80022E1D7 /* PBXContainerItemProxy */ = {
			isa = PBXContainerItemProxy;
			containerPortal = 4B3358A4204F01D70022E1D7 /* Project object */;
			proxyType = 1;
			remoteGlobalIDString = 4B3358AB204F01D70022E1D7;
			remoteInfo = Fleetv3;
		};
/* End PBXContainerItemProxy section */

/* Begin PBXFileReference section */
		0741B17C826E34B55A371EF6 /* Pods-Fleetv3.release.xcconfig */ = {isa = PBXFileReference; includeInIndex = 1; lastKnownFileType = text.xcconfig; name = "Pods-Fleetv3.release.xcconfig"; path = "Pods/Target Support Files/Pods-Fleetv3/Pods-Fleetv3.release.xcconfig"; sourceTree = "<group>"; };
		09724C0E27ED01F751068D73 /* Pods_Fleetv3Tests.framework */ = {isa = PBXFileReference; explicitFileType = wrapper.framework; includeInIndex = 0; path = Pods_Fleetv3Tests.framework; sourceTree = BUILT_PRODUCTS_DIR; };
		4486984BD58BE80A995794E3 /* Pods-Fleetv3UITests.release.xcconfig */ = {isa = PBXFileReference; includeInIndex = 1; lastKnownFileType = text.xcconfig; name = "Pods-Fleetv3UITests.release.xcconfig"; path = "Pods/Target Support Files/Pods-Fleetv3UITests/Pods-Fleetv3UITests.release.xcconfig"; sourceTree = "<group>"; };
		4B3358AC204F01D70022E1D7 /* Fleetv3.app */ = {isa = PBXFileReference; explicitFileType = wrapper.application; includeInIndex = 0; path = Fleetv3.app; sourceTree = BUILT_PRODUCTS_DIR; };
		4B3358AF204F01D70022E1D7 /* AppDelegate.swift */ = {isa = PBXFileReference; lastKnownFileType = sourcecode.swift; path = AppDelegate.swift; sourceTree = "<group>"; };
		4B3358B1204F01D70022E1D7 /* ViewController.swift */ = {isa = PBXFileReference; lastKnownFileType = sourcecode.swift; path = ViewController.swift; sourceTree = "<group>"; };
		4B3358B4204F01D80022E1D7 /* Base */ = {isa = PBXFileReference; lastKnownFileType = file.storyboard; name = Base; path = Base.lproj/Main.storyboard; sourceTree = "<group>"; };
		4B3358B6204F01D80022E1D7 /* Assets.xcassets */ = {isa = PBXFileReference; lastKnownFileType = folder.assetcatalog; path = Assets.xcassets; sourceTree = "<group>"; };
		4B3358B9204F01D80022E1D7 /* Base */ = {isa = PBXFileReference; lastKnownFileType = file.storyboard; name = Base; path = Base.lproj/LaunchScreen.storyboard; sourceTree = "<group>"; };
		4B3358BB204F01D80022E1D7 /* Info.plist */ = {isa = PBXFileReference; lastKnownFileType = text.plist.xml; path = Info.plist; sourceTree = "<group>"; };
		4B3358C0204F01D80022E1D7 /* Fleetv3Tests.xctest */ = {isa = PBXFileReference; explicitFileType = wrapper.cfbundle; includeInIndex = 0; path = Fleetv3Tests.xctest; sourceTree = BUILT_PRODUCTS_DIR; };
		4B3358C4204F01D80022E1D7 /* Fleetv3Tests.swift */ = {isa = PBXFileReference; lastKnownFileType = sourcecode.swift; path = Fleetv3Tests.swift; sourceTree = "<group>"; };
		4B3358C6204F01D80022E1D7 /* Info.plist */ = {isa = PBXFileReference; lastKnownFileType = text.plist.xml; path = Info.plist; sourceTree = "<group>"; };
		4B3358CB204F01D80022E1D7 /* Fleetv3UITests.xctest */ = {isa = PBXFileReference; explicitFileType = wrapper.cfbundle; includeInIndex = 0; path = Fleetv3UITests.xctest; sourceTree = BUILT_PRODUCTS_DIR; };
		4B3358CF204F01D80022E1D7 /* Fleetv3UITests.swift */ = {isa = PBXFileReference; lastKnownFileType = sourcecode.swift; path = Fleetv3UITests.swift; sourceTree = "<group>"; };
		4B3358D1204F01D80022E1D7 /* Info.plist */ = {isa = PBXFileReference; lastKnownFileType = text.plist.xml; path = Info.plist; sourceTree = "<group>"; };
		4B3358DD204F8F570022E1D7 /* F1.jpeg */ = {isa = PBXFileReference; lastKnownFileType = image.jpeg; name = F1.jpeg; path = "../../../../UniWork/G53IDS/Draft Designs/F1.jpeg"; sourceTree = "<group>"; };
		4B3358E2204F98FD0022E1D7 /* F0.jpeg */ = {isa = PBXFileReference; lastKnownFileType = image.jpeg; name = F0.jpeg; path = "../../../../UniWork/G53IDS/Draft Designs/F0.jpeg"; sourceTree = "<group>"; };
		4B3358E420503CA80022E1D7 /* F01.png */ = {isa = PBXFileReference; lastKnownFileType = image.png; name = F01.png; path = "../../../../UniWork/G53IDS/Draft Designs/F01.png"; sourceTree = "<group>"; };
		4B3358F82050504A0022E1D7 /* SWRevealViewController.m */ = {isa = PBXFileReference; fileEncoding = 4; lastKnownFileType = sourcecode.c.objc; path = SWRevealViewController.m; sourceTree = "<group>"; };
		4B3358F92050504A0022E1D7 /* SWRevealViewController.h */ = {isa = PBXFileReference; fileEncoding = 4; lastKnownFileType = sourcecode.c.h; path = SWRevealViewController.h; sourceTree = "<group>"; };
		4B3358FB205050660022E1D7 /* Fleetv3-Bridging-Header.h */ = {isa = PBXFileReference; lastKnownFileType = sourcecode.c.h; path = "Fleetv3-Bridging-Header.h"; sourceTree = "<group>"; };
		4B6BE34F2050EFB700E5383C /* PayVC.swift */ = {isa = PBXFileReference; lastKnownFileType = sourcecode.swift; path = PayVC.swift; sourceTree = "<group>"; };
		4B6BE3512050F5AF00E5383C /* OrderVC.swift */ = {isa = PBXFileReference; lastKnownFileType = sourcecode.swift; path = OrderVC.swift; sourceTree = "<group>"; };
		4B6BE3532050F99000E5383C /* menuicon.png */ = {isa = PBXFileReference; lastKnownFileType = image.png; name = menuicon.png; path = "../../../../UniWork/G53IDS/Draft Designs/menuicon.png"; sourceTree = "<group>"; };
		4B76295F2050AC3B007D173A /* ShopViewController.swift */ = {isa = PBXFileReference; lastKnownFileType = sourcecode.swift; path = ShopViewController.swift; sourceTree = "<group>"; };
		4B7629612050B026007D173A /* CustomerMenuTVC.swift */ = {isa = PBXFileReference; lastKnownFileType = sourcecode.swift; path = CustomerMenuTVC.swift; sourceTree = "<group>"; };
		4B7629632050B954007D173A /* ProductListTVC.swift */ = {isa = PBXFileReference; lastKnownFileType = sourcecode.swift; path = ProductListTVC.swift; sourceTree = "<group>"; };
		4B7629652050D9B5007D173A /* ProductInfoVC.swift */ = {isa = PBXFileReference; lastKnownFileType = sourcecode.swift; path = ProductInfoVC.swift; sourceTree = "<group>"; };
		4B7629672050E28F007D173A /* BasketVC.swift */ = {isa = PBXFileReference; lastKnownFileType = sourcecode.swift; path = BasketVC.swift; sourceTree = "<group>"; };
		4B76296A2050E37A007D173A /* MapKit.framework */ = {isa = PBXFileReference; lastKnownFileType = wrapper.framework; name = MapKit.framework; path = System/Library/Frameworks/MapKit.framework; sourceTree = SDKROOT; };
		4BDF564F20510EB6003C8047 /* Fleetv3.entitlements */ = {isa = PBXFileReference; lastKnownFileType = text.plist.entitlements; path = Fleetv3.entitlements; sourceTree = "<group>"; };
		4BDF565020511352003C8047 /* Fbmanager.swift */ = {isa = PBXFileReference; lastKnownFileType = sourcecode.swift; path = Fbmanager.swift; sourceTree = "<group>"; };
		4BDF5652205116A9003C8047 /* LoginVC.swift */ = {isa = PBXFileReference; lastKnownFileType = sourcecode.swift; path = LoginVC.swift; sourceTree = "<group>"; };
		4BDF56542052F66A003C8047 /* User.swift */ = {isa = PBXFileReference; lastKnownFileType = sourcecode.swift; path = User.swift; sourceTree = "<group>"; };
		5DE9E757393866DF16DCE91D /* Pods-Fleetv3.debug.xcconfig */ = {isa = PBXFileReference; includeInIndex = 1; lastKnownFileType = text.xcconfig; name = "Pods-Fleetv3.debug.xcconfig"; path = "Pods/Target Support Files/Pods-Fleetv3/Pods-Fleetv3.debug.xcconfig"; sourceTree = "<group>"; };
		AD149117C42542DA8908CBF9 /* Pods-Fleetv3UITests.debug.xcconfig */ = {isa = PBXFileReference; includeInIndex = 1; lastKnownFileType = text.xcconfig; name = "Pods-Fleetv3UITests.debug.xcconfig"; path = "Pods/Target Support Files/Pods-Fleetv3UITests/Pods-Fleetv3UITests.debug.xcconfig"; sourceTree = "<group>"; };
		D1DDE82F3EF26A550DDA32FF /* Pods-Fleetv3Tests.debug.xcconfig */ = {isa = PBXFileReference; includeInIndex = 1; lastKnownFileType = text.xcconfig; name = "Pods-Fleetv3Tests.debug.xcconfig"; path = "Pods/Target Support Files/Pods-Fleetv3Tests/Pods-Fleetv3Tests.debug.xcconfig"; sourceTree = "<group>"; };
		E9093354817527AE7E8B2D88 /* Pods-Fleetv3Tests.release.xcconfig */ = {isa = PBXFileReference; includeInIndex = 1; lastKnownFileType = text.xcconfig; name = "Pods-Fleetv3Tests.release.xcconfig"; path = "Pods/Target Support Files/Pods-Fleetv3Tests/Pods-Fleetv3Tests.release.xcconfig"; sourceTree = "<group>"; };
		EF7C6CE3E1AEB2C8CC8018C3 /* Pods_Fleetv3UITests.framework */ = {isa = PBXFileReference; explicitFileType = wrapper.framework; includeInIndex = 0; path = Pods_Fleetv3UITests.framework; sourceTree = BUILT_PRODUCTS_DIR; };
		F2B8ECECF79149EEDA53E9EF /* Pods_Fleetv3.framework */ = {isa = PBXFileReference; explicitFileType = wrapper.framework; includeInIndex = 0; path = Pods_Fleetv3.framework; sourceTree = BUILT_PRODUCTS_DIR; };
/* End PBXFileReference section */

/* Begin PBXFrameworksBuildPhase section */
		4B3358A9204F01D70022E1D7 /* Frameworks */ = {
			isa = PBXFrameworksBuildPhase;
			buildActionMask = 2147483647;
			files = (
				4B76296B2050E37A007D173A /* MapKit.framework in Frameworks */,
				762F203217F294AA11D861C5 /* Pods_Fleetv3.framework in Frameworks */,
			);
			runOnlyForDeploymentPostprocessing = 0;
		};
		4B3358BD204F01D80022E1D7 /* Frameworks */ = {
			isa = PBXFrameworksBuildPhase;
			buildActionMask = 2147483647;
			files = (
				2623868B0785D95747DF2FF8 /* Pods_Fleetv3Tests.framework in Frameworks */,
			);
			runOnlyForDeploymentPostprocessing = 0;
		};
		4B3358C8204F01D80022E1D7 /* Frameworks */ = {
			isa = PBXFrameworksBuildPhase;
			buildActionMask = 2147483647;
			files = (
				F7F1C57646EC59860F8CCFBD /* Pods_Fleetv3UITests.framework in Frameworks */,
			);
			runOnlyForDeploymentPostprocessing = 0;
		};
/* End PBXFrameworksBuildPhase section */

/* Begin PBXGroup section */
		4B3358A3204F01D70022E1D7 = {
			isa = PBXGroup;
			children = (
				4B3358AE204F01D70022E1D7 /* Fleetv3 */,
				4B3358C3204F01D80022E1D7 /* Fleetv3Tests */,
				4B3358CE204F01D80022E1D7 /* Fleetv3UITests */,
				4B3358AD204F01D70022E1D7 /* Products */,
				4B7629692050E37A007D173A /* Frameworks */,
				4CE94F028948893E98BA70C5 /* Pods */,
			);
			sourceTree = "<group>";
		};
		4B3358AD204F01D70022E1D7 /* Products */ = {
			isa = PBXGroup;
			children = (
				4B3358AC204F01D70022E1D7 /* Fleetv3.app */,
				4B3358C0204F01D80022E1D7 /* Fleetv3Tests.xctest */,
				4B3358CB204F01D80022E1D7 /* Fleetv3UITests.xctest */,
			);
			name = Products;
			sourceTree = "<group>";
		};
		4B3358AE204F01D70022E1D7 /* Fleetv3 */ = {
			isa = PBXGroup;
			children = (
				4BDF564F20510EB6003C8047 /* Fleetv3.entitlements */,
				4B3358AF204F01D70022E1D7 /* AppDelegate.swift */,
				4B3358B1204F01D70022E1D7 /* ViewController.swift */,
				4B3358B3204F01D80022E1D7 /* Main.storyboard */,
				4B76295F2050AC3B007D173A /* ShopViewController.swift */,
				4B7629612050B026007D173A /* CustomerMenuTVC.swift */,
				4B3358F92050504A0022E1D7 /* SWRevealViewController.h */,
				4B3358FB205050660022E1D7 /* Fleetv3-Bridging-Header.h */,
				4B3358F82050504A0022E1D7 /* SWRevealViewController.m */,
				4B3358B6204F01D80022E1D7 /* Assets.xcassets */,
				4B6BE3532050F99000E5383C /* menuicon.png */,
				4B3358E420503CA80022E1D7 /* F01.png */,
				4B3358E2204F98FD0022E1D7 /* F0.jpeg */,
				4B3358DD204F8F570022E1D7 /* F1.jpeg */,
				4B3358B8204F01D80022E1D7 /* LaunchScreen.storyboard */,
				4B3358BB204F01D80022E1D7 /* Info.plist */,
				4B7629632050B954007D173A /* ProductListTVC.swift */,
				4B7629652050D9B5007D173A /* ProductInfoVC.swift */,
				4B7629672050E28F007D173A /* BasketVC.swift */,
				4B6BE34F2050EFB700E5383C /* PayVC.swift */,
				4B6BE3512050F5AF00E5383C /* OrderVC.swift */,
				4BDF565020511352003C8047 /* Fbmanager.swift */,
				4BDF5652205116A9003C8047 /* LoginVC.swift */,
				4BDF56542052F66A003C8047 /* User.swift */,
			);
			path = Fleetv3;
			sourceTree = "<group>";
		};
		4B3358C3204F01D80022E1D7 /* Fleetv3Tests */ = {
			isa = PBXGroup;
			children = (
				4B3358C4204F01D80022E1D7 /* Fleetv3Tests.swift */,
				4B3358C6204F01D80022E1D7 /* Info.plist */,
			);
			path = Fleetv3Tests;
			sourceTree = "<group>";
		};
		4B3358CE204F01D80022E1D7 /* Fleetv3UITests */ = {
			isa = PBXGroup;
			children = (
				4B3358CF204F01D80022E1D7 /* Fleetv3UITests.swift */,
				4B3358D1204F01D80022E1D7 /* Info.plist */,
			);
			path = Fleetv3UITests;
			sourceTree = "<group>";
		};
		4B7629692050E37A007D173A /* Frameworks */ = {
			isa = PBXGroup;
			children = (
				4B76296A2050E37A007D173A /* MapKit.framework */,
				F2B8ECECF79149EEDA53E9EF /* Pods_Fleetv3.framework */,
				09724C0E27ED01F751068D73 /* Pods_Fleetv3Tests.framework */,
				EF7C6CE3E1AEB2C8CC8018C3 /* Pods_Fleetv3UITests.framework */,
			);
			name = Frameworks;
			sourceTree = "<group>";
		};
		4CE94F028948893E98BA70C5 /* Pods */ = {
			isa = PBXGroup;
			children = (
				5DE9E757393866DF16DCE91D /* Pods-Fleetv3.debug.xcconfig */,
				0741B17C826E34B55A371EF6 /* Pods-Fleetv3.release.xcconfig */,
				D1DDE82F3EF26A550DDA32FF /* Pods-Fleetv3Tests.debug.xcconfig */,
				E9093354817527AE7E8B2D88 /* Pods-Fleetv3Tests.release.xcconfig */,
				AD149117C42542DA8908CBF9 /* Pods-Fleetv3UITests.debug.xcconfig */,
				4486984BD58BE80A995794E3 /* Pods-Fleetv3UITests.release.xcconfig */,
			);
			name = Pods;
			sourceTree = "<group>";
		};
/* End PBXGroup section */

/* Begin PBXNativeTarget section */
		4B3358AB204F01D70022E1D7 /* Fleetv3 */ = {
			isa = PBXNativeTarget;
			buildConfigurationList = 4B3358D4204F01D80022E1D7 /* Build configuration list for PBXNativeTarget "Fleetv3" */;
			buildPhases = (
				4A8194E320345B8A7B52A6D5 /* [CP] Check Pods Manifest.lock */,
				4B3358A8204F01D70022E1D7 /* Sources */,
				4B3358A9204F01D70022E1D7 /* Frameworks */,
				4B3358AA204F01D70022E1D7 /* Resources */,
				74705BA961939439ADDED81F /* [CP] Embed Pods Frameworks */,
				DF619780519FA5EFC85A2BBB /* [CP] Copy Pods Resources */,
			);
			buildRules = (
			);
			dependencies = (
			);
			name = Fleetv3;
			productName = Fleetv3;
			productReference = 4B3358AC204F01D70022E1D7 /* Fleetv3.app */;
			productType = "com.apple.product-type.application";
		};
		4B3358BF204F01D80022E1D7 /* Fleetv3Tests */ = {
			isa = PBXNativeTarget;
			buildConfigurationList = 4B3358D7204F01D80022E1D7 /* Build configuration list for PBXNativeTarget "Fleetv3Tests" */;
			buildPhases = (
				91A89C3C4905A65649A3562E /* [CP] Check Pods Manifest.lock */,
				4B3358BC204F01D80022E1D7 /* Sources */,
				4B3358BD204F01D80022E1D7 /* Frameworks */,
				4B3358BE204F01D80022E1D7 /* Resources */,
				4667481F20E8490BF280524D /* [CP] Embed Pods Frameworks */,
				1BCD14D6CA1CCCDCB3EA717E /* [CP] Copy Pods Resources */,
			);
			buildRules = (
			);
			dependencies = (
				4B3358C2204F01D80022E1D7 /* PBXTargetDependency */,
			);
			name = Fleetv3Tests;
			productName = Fleetv3Tests;
			productReference = 4B3358C0204F01D80022E1D7 /* Fleetv3Tests.xctest */;
			productType = "com.apple.product-type.bundle.unit-test";
		};
		4B3358CA204F01D80022E1D7 /* Fleetv3UITests */ = {
			isa = PBXNativeTarget;
			buildConfigurationList = 4B3358DA204F01D80022E1D7 /* Build configuration list for PBXNativeTarget "Fleetv3UITests" */;
			buildPhases = (
				8B984D20E94F346C25A2B50F /* [CP] Check Pods Manifest.lock */,
				4B3358C7204F01D80022E1D7 /* Sources */,
				4B3358C8204F01D80022E1D7 /* Frameworks */,
				4B3358C9204F01D80022E1D7 /* Resources */,
				11BD102064CEF913DA4B9642 /* [CP] Embed Pods Frameworks */,
				DF16C2B000745058BFED5052 /* [CP] Copy Pods Resources */,
			);
			buildRules = (
			);
			dependencies = (
				4B3358CD204F01D80022E1D7 /* PBXTargetDependency */,
			);
			name = Fleetv3UITests;
			productName = Fleetv3UITests;
			productReference = 4B3358CB204F01D80022E1D7 /* Fleetv3UITests.xctest */;
			productType = "com.apple.product-type.bundle.ui-testing";
		};
/* End PBXNativeTarget section */

/* Begin PBXProject section */
		4B3358A4204F01D70022E1D7 /* Project object */ = {
			isa = PBXProject;
			attributes = {
				LastSwiftUpdateCheck = 0920;
				LastUpgradeCheck = 0920;
				ORGANIZATIONNAME = "Aleem Javeed";
				TargetAttributes = {
					4B3358AB204F01D70022E1D7 = {
						CreatedOnToolsVersion = 9.2;
						LastSwiftMigration = 0920;
						ProvisioningStyle = Automatic;
						SystemCapabilities = {
							com.apple.Keychain = {
								enabled = 1;
							};
						};
					};
					4B3358BF204F01D80022E1D7 = {
						CreatedOnToolsVersion = 9.2;
						ProvisioningStyle = Automatic;
						TestTargetID = 4B3358AB204F01D70022E1D7;
					};
					4B3358CA204F01D80022E1D7 = {
						CreatedOnToolsVersion = 9.2;
						ProvisioningStyle = Automatic;
						TestTargetID = 4B3358AB204F01D70022E1D7;
					};
				};
			};
			buildConfigurationList = 4B3358A7204F01D70022E1D7 /* Build configuration list for PBXProject "Fleetv3" */;
			compatibilityVersion = "Xcode 8.0";
			developmentRegion = en;
			hasScannedForEncodings = 0;
			knownRegions = (
				en,
				Base,
			);
			mainGroup = 4B3358A3204F01D70022E1D7;
			productRefGroup = 4B3358AD204F01D70022E1D7 /* Products */;
			projectDirPath = "";
			projectRoot = "";
			targets = (
				4B3358AB204F01D70022E1D7 /* Fleetv3 */,
				4B3358BF204F01D80022E1D7 /* Fleetv3Tests */,
				4B3358CA204F01D80022E1D7 /* Fleetv3UITests */,
			);
		};
/* End PBXProject section */

/* Begin PBXResourcesBuildPhase section */
		4B3358AA204F01D70022E1D7 /* Resources */ = {
			isa = PBXResourcesBuildPhase;
			buildActionMask = 2147483647;
			files = (
				4B3358BA204F01D80022E1D7 /* LaunchScreen.storyboard in Resources */,
				4B3358B7204F01D80022E1D7 /* Assets.xcassets in Resources */,
				4B3358E3204F98FD0022E1D7 /* F0.jpeg in Resources */,
				4B3358E520503CA80022E1D7 /* F01.png in Resources */,
				4B6BE3542050F99000E5383C /* menuicon.png in Resources */,
				4B3358DE204F8F570022E1D7 /* F1.jpeg in Resources */,
				4B3358B5204F01D80022E1D7 /* Main.storyboard in Resources */,
			);
			runOnlyForDeploymentPostprocessing = 0;
		};
		4B3358BE204F01D80022E1D7 /* Resources */ = {
			isa = PBXResourcesBuildPhase;
			buildActionMask = 2147483647;
			files = (
			);
			runOnlyForDeploymentPostprocessing = 0;
		};
		4B3358C9204F01D80022E1D7 /* Resources */ = {
			isa = PBXResourcesBuildPhase;
			buildActionMask = 2147483647;
			files = (
			);
			runOnlyForDeploymentPostprocessing = 0;
		};
/* End PBXResourcesBuildPhase section */

/* Begin PBXShellScriptBuildPhase section */
		11BD102064CEF913DA4B9642 /* [CP] Embed Pods Frameworks */ = {
			isa = PBXShellScriptBuildPhase;
			buildActionMask = 2147483647;
			files = (
			);
			inputPaths = (
			);
			name = "[CP] Embed Pods Frameworks";
			outputPaths = (
			);
			runOnlyForDeploymentPostprocessing = 0;
			shellPath = /bin/sh;
			shellScript = "\"${SRCROOT}/Pods/Target Support Files/Pods-Fleetv3UITests/Pods-Fleetv3UITests-frameworks.sh\"\n";
			showEnvVarsInLog = 0;
		};
		1BCD14D6CA1CCCDCB3EA717E /* [CP] Copy Pods Resources */ = {
			isa = PBXShellScriptBuildPhase;
			buildActionMask = 2147483647;
			files = (
			);
			inputPaths = (
			);
			name = "[CP] Copy Pods Resources";
			outputPaths = (
			);
			runOnlyForDeploymentPostprocessing = 0;
			shellPath = /bin/sh;
			shellScript = "\"${SRCROOT}/Pods/Target Support Files/Pods-Fleetv3Tests/Pods-Fleetv3Tests-resources.sh\"\n";
			showEnvVarsInLog = 0;
		};
		4667481F20E8490BF280524D /* [CP] Embed Pods Frameworks */ = {
			isa = PBXShellScriptBuildPhase;
			buildActionMask = 2147483647;
			files = (
			);
			inputPaths = (
			);
			name = "[CP] Embed Pods Frameworks";
			outputPaths = (
			);
			runOnlyForDeploymentPostprocessing = 0;
			shellPath = /bin/sh;
			shellScript = "\"${SRCROOT}/Pods/Target Support Files/Pods-Fleetv3Tests/Pods-Fleetv3Tests-frameworks.sh\"\n";
			showEnvVarsInLog = 0;
		};
		4A8194E320345B8A7B52A6D5 /* [CP] Check Pods Manifest.lock */ = {
			isa = PBXShellScriptBuildPhase;
			buildActionMask = 2147483647;
			files = (
			);
			inputPaths = (
				"${PODS_PODFILE_DIR_PATH}/Podfile.lock",
				"${PODS_ROOT}/Manifest.lock",
			);
			name = "[CP] Check Pods Manifest.lock";
			outputPaths = (
				"$(DERIVED_FILE_DIR)/Pods-Fleetv3-checkManifestLockResult.txt",
			);
			runOnlyForDeploymentPostprocessing = 0;
			shellPath = /bin/sh;
			shellScript = "diff \"${PODS_PODFILE_DIR_PATH}/Podfile.lock\" \"${PODS_ROOT}/Manifest.lock\" > /dev/null\nif [ $? != 0 ] ; then\n    # print error to STDERR\n    echo \"error: The sandbox is not in sync with the Podfile.lock. Run 'pod install' or update your CocoaPods installation.\" >&2\n    exit 1\nfi\n# This output is used by Xcode 'outputs' to avoid re-running this script phase.\necho \"SUCCESS\" > \"${SCRIPT_OUTPUT_FILE_0}\"\n";
			showEnvVarsInLog = 0;
		};
		74705BA961939439ADDED81F /* [CP] Embed Pods Frameworks */ = {
			isa = PBXShellScriptBuildPhase;
			buildActionMask = 2147483647;
			files = (
			);
			inputPaths = (
				"${SRCROOT}/Pods/Target Support Files/Pods-Fleetv3/Pods-Fleetv3-frameworks.sh",
				"${BUILT_PRODUCTS_DIR}/Alamofire/Alamofire.framework",
				"${BUILT_PRODUCTS_DIR}/Bolts/Bolts.framework",
				"${BUILT_PRODUCTS_DIR}/FBSDKCoreKit/FBSDKCoreKit.framework",
				"${BUILT_PRODUCTS_DIR}/FBSDKLoginKit/FBSDKLoginKit.framework",
				"${BUILT_PRODUCTS_DIR}/FBSDKShareKit/FBSDKShareKit.framework",
				"${BUILT_PRODUCTS_DIR}/Stripe/Stripe.framework",
				"${BUILT_PRODUCTS_DIR}/SwiftyJSON/SwiftyJSON.framework",
			);
			name = "[CP] Embed Pods Frameworks";
			outputPaths = (
				"${TARGET_BUILD_DIR}/${FRAMEWORKS_FOLDER_PATH}/Alamofire.framework",
				"${TARGET_BUILD_DIR}/${FRAMEWORKS_FOLDER_PATH}/Bolts.framework",
				"${TARGET_BUILD_DIR}/${FRAMEWORKS_FOLDER_PATH}/FBSDKCoreKit.framework",
				"${TARGET_BUILD_DIR}/${FRAMEWORKS_FOLDER_PATH}/FBSDKLoginKit.framework",
				"${TARGET_BUILD_DIR}/${FRAMEWORKS_FOLDER_PATH}/FBSDKShareKit.framework",
				"${TARGET_BUILD_DIR}/${FRAMEWORKS_FOLDER_PATH}/Stripe.framework",
				"${TARGET_BUILD_DIR}/${FRAMEWORKS_FOLDER_PATH}/SwiftyJSON.framework",
			);
			runOnlyForDeploymentPostprocessing = 0;
			shellPath = /bin/sh;
			shellScript = "\"${SRCROOT}/Pods/Target Support Files/Pods-Fleetv3/Pods-Fleetv3-frameworks.sh\"\n";
			showEnvVarsInLog = 0;
		};
		8B984D20E94F346C25A2B50F /* [CP] Check Pods Manifest.lock */ = {
			isa = PBXShellScriptBuildPhase;
			buildActionMask = 2147483647;
			files = (
			);
			inputPaths = (
				"${PODS_PODFILE_DIR_PATH}/Podfile.lock",
				"${PODS_ROOT}/Manifest.lock",
			);
			name = "[CP] Check Pods Manifest.lock";
			outputPaths = (
				"$(DERIVED_FILE_DIR)/Pods-Fleetv3UITests-checkManifestLockResult.txt",
			);
			runOnlyForDeploymentPostprocessing = 0;
			shellPath = /bin/sh;
			shellScript = "diff \"${PODS_PODFILE_DIR_PATH}/Podfile.lock\" \"${PODS_ROOT}/Manifest.lock\" > /dev/null\nif [ $? != 0 ] ; then\n    # print error to STDERR\n    echo \"error: The sandbox is not in sync with the Podfile.lock. Run 'pod install' or update your CocoaPods installation.\" >&2\n    exit 1\nfi\n# This output is used by Xcode 'outputs' to avoid re-running this script phase.\necho \"SUCCESS\" > \"${SCRIPT_OUTPUT_FILE_0}\"\n";
			showEnvVarsInLog = 0;
		};
		91A89C3C4905A65649A3562E /* [CP] Check Pods Manifest.lock */ = {
			isa = PBXShellScriptBuildPhase;
			buildActionMask = 2147483647;
			files = (
			);
			inputPaths = (
				"${PODS_PODFILE_DIR_PATH}/Podfile.lock",
				"${PODS_ROOT}/Manifest.lock",
			);
			name = "[CP] Check Pods Manifest.lock";
			outputPaths = (
				"$(DERIVED_FILE_DIR)/Pods-Fleetv3Tests-checkManifestLockResult.txt",
			);
			runOnlyForDeploymentPostprocessing = 0;
			shellPath = /bin/sh;
			shellScript = "diff \"${PODS_PODFILE_DIR_PATH}/Podfile.lock\" \"${PODS_ROOT}/Manifest.lock\" > /dev/null\nif [ $? != 0 ] ; then\n    # print error to STDERR\n    echo \"error: The sandbox is not in sync with the Podfile.lock. Run 'pod install' or update your CocoaPods installation.\" >&2\n    exit 1\nfi\n# This output is used by Xcode 'outputs' to avoid re-running this script phase.\necho \"SUCCESS\" > \"${SCRIPT_OUTPUT_FILE_0}\"\n";
			showEnvVarsInLog = 0;
		};
		DF16C2B000745058BFED5052 /* [CP] Copy Pods Resources */ = {
			isa = PBXShellScriptBuildPhase;
			buildActionMask = 2147483647;
			files = (
			);
			inputPaths = (
			);
			name = "[CP] Copy Pods Resources";
			outputPaths = (
			);
			runOnlyForDeploymentPostprocessing = 0;
			shellPath = /bin/sh;
			shellScript = "\"${SRCROOT}/Pods/Target Support Files/Pods-Fleetv3UITests/Pods-Fleetv3UITests-resources.sh\"\n";
			showEnvVarsInLog = 0;
		};
		DF619780519FA5EFC85A2BBB /* [CP] Copy Pods Resources */ = {
			isa = PBXShellScriptBuildPhase;
			buildActionMask = 2147483647;
			files = (
			);
			inputPaths = (
			);
			name = "[CP] Copy Pods Resources";
			outputPaths = (
			);
			runOnlyForDeploymentPostprocessing = 0;
			shellPath = /bin/sh;
			shellScript = "\"${SRCROOT}/Pods/Target Support Files/Pods-Fleetv3/Pods-Fleetv3-resources.sh\"\n";
			showEnvVarsInLog = 0;
		};
/* End PBXShellScriptBuildPhase section */

/* Begin PBXSourcesBuildPhase section */
		4B3358A8204F01D70022E1D7 /* Sources */ = {
			isa = PBXSourcesBuildPhase;
			buildActionMask = 2147483647;
			files = (
				4BDF56552052F66A003C8047 /* User.swift in Sources */,
				4B7629602050AC3B007D173A /* ShopViewController.swift in Sources */,
				4B7629662050D9B5007D173A /* ProductInfoVC.swift in Sources */,
				4BDF5653205116A9003C8047 /* LoginVC.swift in Sources */,
				4B3358B2204F01D70022E1D7 /* ViewController.swift in Sources */,
				4B3358B0204F01D70022E1D7 /* AppDelegate.swift in Sources */,
				4B7629682050E28F007D173A /* BasketVC.swift in Sources */,
				4B7629642050B954007D173A /* ProductListTVC.swift in Sources */,
				4B7629622050B026007D173A /* CustomerMenuTVC.swift in Sources */,
				4BDF565120511352003C8047 /* Fbmanager.swift in Sources */,
				4B3358FA2050504A0022E1D7 /* SWRevealViewController.m in Sources */,
				4B6BE3502050EFB700E5383C /* PayVC.swift in Sources */,
				4B6BE3522050F5AF00E5383C /* OrderVC.swift in Sources */,
			);
			runOnlyForDeploymentPostprocessing = 0;
		};
		4B3358BC204F01D80022E1D7 /* Sources */ = {
			isa = PBXSourcesBuildPhase;
			buildActionMask = 2147483647;
			files = (
				4B3358C5204F01D80022E1D7 /* Fleetv3Tests.swift in Sources */,
			);
			runOnlyForDeploymentPostprocessing = 0;
		};
		4B3358C7204F01D80022E1D7 /* Sources */ = {
			isa = PBXSourcesBuildPhase;
			buildActionMask = 2147483647;
			files = (
				4B3358D0204F01D80022E1D7 /* Fleetv3UITests.swift in Sources */,
			);
			runOnlyForDeploymentPostprocessing = 0;
		};
/* End PBXSourcesBuildPhase section */

/* Begin PBXTargetDependency section */
		4B3358C2204F01D80022E1D7 /* PBXTargetDependency */ = {
			isa = PBXTargetDependency;
			target = 4B3358AB204F01D70022E1D7 /* Fleetv3 */;
			targetProxy = 4B3358C1204F01D80022E1D7 /* PBXContainerItemProxy */;
		};
		4B3358CD204F01D80022E1D7 /* PBXTargetDependency */ = {
			isa = PBXTargetDependency;
			target = 4B3358AB204F01D70022E1D7 /* Fleetv3 */;
			targetProxy = 4B3358CC204F01D80022E1D7 /* PBXContainerItemProxy */;
		};
/* End PBXTargetDependency section */

/* Begin PBXVariantGroup section */
		4B3358B3204F01D80022E1D7 /* Main.storyboard */ = {
			isa = PBXVariantGroup;
			children = (
				4B3358B4204F01D80022E1D7 /* Base */,
			);
			name = Main.storyboard;
			sourceTree = "<group>";
		};
		4B3358B8204F01D80022E1D7 /* LaunchScreen.storyboard */ = {
			isa = PBXVariantGroup;
			children = (
				4B3358B9204F01D80022E1D7 /* Base */,
			);
			name = LaunchScreen.storyboard;
			sourceTree = "<group>";
		};
/* End PBXVariantGroup section */

/* Begin XCBuildConfiguration section */
		4B3358D2204F01D80022E1D7 /* Debug */ = {
			isa = XCBuildConfiguration;
			buildSettings = {
				ALWAYS_SEARCH_USER_PATHS = NO;
				CLANG_ANALYZER_NONNULL = YES;
				CLANG_ANALYZER_NUMBER_OBJECT_CONVERSION = YES_AGGRESSIVE;
				CLANG_CXX_LANGUAGE_STANDARD = "gnu++14";
				CLANG_CXX_LIBRARY = "libc++";
				CLANG_ENABLE_MODULES = YES;
				CLANG_ENABLE_OBJC_ARC = YES;
				CLANG_WARN_BLOCK_CAPTURE_AUTORELEASING = YES;
				CLANG_WARN_BOOL_CONVERSION = YES;
				CLANG_WARN_COMMA = YES;
				CLANG_WARN_CONSTANT_CONVERSION = YES;
				CLANG_WARN_DIRECT_OBJC_ISA_USAGE = YES_ERROR;
				CLANG_WARN_DOCUMENTATION_COMMENTS = YES;
				CLANG_WARN_EMPTY_BODY = YES;
				CLANG_WARN_ENUM_CONVERSION = YES;
				CLANG_WARN_INFINITE_RECURSION = YES;
				CLANG_WARN_INT_CONVERSION = YES;
				CLANG_WARN_NON_LITERAL_NULL_CONVERSION = YES;
				CLANG_WARN_OBJC_LITERAL_CONVERSION = YES;
				CLANG_WARN_OBJC_ROOT_CLASS = YES_ERROR;
				CLANG_WARN_RANGE_LOOP_ANALYSIS = YES;
				CLANG_WARN_STRICT_PROTOTYPES = YES;
				CLANG_WARN_SUSPICIOUS_MOVE = YES;
				CLANG_WARN_UNGUARDED_AVAILABILITY = YES_AGGRESSIVE;
				CLANG_WARN_UNREACHABLE_CODE = YES;
				CLANG_WARN__DUPLICATE_METHOD_MATCH = YES;
				CODE_SIGN_IDENTITY = "iPhone Developer";
				COPY_PHASE_STRIP = NO;
				DEBUG_INFORMATION_FORMAT = dwarf;
				ENABLE_STRICT_OBJC_MSGSEND = YES;
				ENABLE_TESTABILITY = YES;
				GCC_C_LANGUAGE_STANDARD = gnu11;
				GCC_DYNAMIC_NO_PIC = NO;
				GCC_NO_COMMON_BLOCKS = YES;
				GCC_OPTIMIZATION_LEVEL = 0;
				GCC_PREPROCESSOR_DEFINITIONS = (
					"DEBUG=1",
					"$(inherited)",
				);
				GCC_WARN_64_TO_32_BIT_CONVERSION = YES;
				GCC_WARN_ABOUT_RETURN_TYPE = YES_ERROR;
				GCC_WARN_UNDECLARED_SELECTOR = YES;
				GCC_WARN_UNINITIALIZED_AUTOS = YES_AGGRESSIVE;
				GCC_WARN_UNUSED_FUNCTION = YES;
				GCC_WARN_UNUSED_VARIABLE = YES;
				IPHONEOS_DEPLOYMENT_TARGET = 11.2;
				MTL_ENABLE_DEBUG_INFO = YES;
				ONLY_ACTIVE_ARCH = YES;
				SDKROOT = iphoneos;
				SWIFT_ACTIVE_COMPILATION_CONDITIONS = DEBUG;
				SWIFT_OPTIMIZATION_LEVEL = "-Onone";
			};
			name = Debug;
		};
		4B3358D3204F01D80022E1D7 /* Release */ = {
			isa = XCBuildConfiguration;
			buildSettings = {
				ALWAYS_SEARCH_USER_PATHS = NO;
				CLANG_ANALYZER_NONNULL = YES;
				CLANG_ANALYZER_NUMBER_OBJECT_CONVERSION = YES_AGGRESSIVE;
				CLANG_CXX_LANGUAGE_STANDARD = "gnu++14";
				CLANG_CXX_LIBRARY = "libc++";
				CLANG_ENABLE_MODULES = YES;
				CLANG_ENABLE_OBJC_ARC = YES;
				CLANG_WARN_BLOCK_CAPTURE_AUTORELEASING = YES;
				CLANG_WARN_BOOL_CONVERSION = YES;
				CLANG_WARN_COMMA = YES;
				CLANG_WARN_CONSTANT_CONVERSION = YES;
				CLANG_WARN_DIRECT_OBJC_ISA_USAGE = YES_ERROR;
				CLANG_WARN_DOCUMENTATION_COMMENTS = YES;
				CLANG_WARN_EMPTY_BODY = YES;
				CLANG_WARN_ENUM_CONVERSION = YES;
				CLANG_WARN_INFINITE_RECURSION = YES;
				CLANG_WARN_INT_CONVERSION = YES;
				CLANG_WARN_NON_LITERAL_NULL_CONVERSION = YES;
				CLANG_WARN_OBJC_LITERAL_CONVERSION = YES;
				CLANG_WARN_OBJC_ROOT_CLASS = YES_ERROR;
				CLANG_WARN_RANGE_LOOP_ANALYSIS = YES;
				CLANG_WARN_STRICT_PROTOTYPES = YES;
				CLANG_WARN_SUSPICIOUS_MOVE = YES;
				CLANG_WARN_UNGUARDED_AVAILABILITY = YES_AGGRESSIVE;
				CLANG_WARN_UNREACHABLE_CODE = YES;
				CLANG_WARN__DUPLICATE_METHOD_MATCH = YES;
				CODE_SIGN_IDENTITY = "iPhone Developer";
				COPY_PHASE_STRIP = NO;
				DEBUG_INFORMATION_FORMAT = "dwarf-with-dsym";
				ENABLE_NS_ASSERTIONS = NO;
				ENABLE_STRICT_OBJC_MSGSEND = YES;
				GCC_C_LANGUAGE_STANDARD = gnu11;
				GCC_NO_COMMON_BLOCKS = YES;
				GCC_WARN_64_TO_32_BIT_CONVERSION = YES;
				GCC_WARN_ABOUT_RETURN_TYPE = YES_ERROR;
				GCC_WARN_UNDECLARED_SELECTOR = YES;
				GCC_WARN_UNINITIALIZED_AUTOS = YES_AGGRESSIVE;
				GCC_WARN_UNUSED_FUNCTION = YES;
				GCC_WARN_UNUSED_VARIABLE = YES;
				IPHONEOS_DEPLOYMENT_TARGET = 11.2;
				MTL_ENABLE_DEBUG_INFO = NO;
				SDKROOT = iphoneos;
				SWIFT_OPTIMIZATION_LEVEL = "-Owholemodule";
				VALIDATE_PRODUCT = YES;
			};
			name = Release;
		};
		4B3358D5204F01D80022E1D7 /* Debug */ = {
			isa = XCBuildConfiguration;
			baseConfigurationReference = 5DE9E757393866DF16DCE91D /* Pods-Fleetv3.debug.xcconfig */;
			buildSettings = {
				ASSETCATALOG_COMPILER_APPICON_NAME = AppIcon;
				CLANG_ENABLE_MODULES = YES;
				CODE_SIGN_ENTITLEMENTS = Fleetv3/Fleetv3.entitlements;
				CODE_SIGN_STYLE = Automatic;
				DEVELOPMENT_TEAM = 8V55PVKBZ2;
				INFOPLIST_FILE = Fleetv3/Info.plist;
				LD_RUNPATH_SEARCH_PATHS = "$(inherited) @executable_path/Frameworks";
				PRODUCT_BUNDLE_IDENTIFIER = Code93Leemster.Fleetv3;
				PRODUCT_NAME = "$(TARGET_NAME)";
				SWIFT_OBJC_BRIDGING_HEADER = "Fleetv3/Fleetv3-Bridging-Header.h";
				SWIFT_OPTIMIZATION_LEVEL = "-Onone";
				SWIFT_VERSION = 4.0;
				TARGETED_DEVICE_FAMILY = "1,2";
			};
			name = Debug;
		};
		4B3358D6204F01D80022E1D7 /* Release */ = {
			isa = XCBuildConfiguration;
			baseConfigurationReference = 0741B17C826E34B55A371EF6 /* Pods-Fleetv3.release.xcconfig */;
			buildSettings = {
				ASSETCATALOG_COMPILER_APPICON_NAME = AppIcon;
				CLANG_ENABLE_MODULES = YES;
				CODE_SIGN_ENTITLEMENTS = Fleetv3/Fleetv3.entitlements;
				CODE_SIGN_STYLE = Automatic;
				DEVELOPMENT_TEAM = 8V55PVKBZ2;
				INFOPLIST_FILE = Fleetv3/Info.plist;
				LD_RUNPATH_SEARCH_PATHS = "$(inherited) @executable_path/Frameworks";
				PRODUCT_BUNDLE_IDENTIFIER = Code93Leemster.Fleetv3;
				PRODUCT_NAME = "$(TARGET_NAME)";
				SWIFT_OBJC_BRIDGING_HEADER = "Fleetv3/Fleetv3-Bridging-Header.h";
				SWIFT_VERSION = 4.0;
				TARGETED_DEVICE_FAMILY = "1,2";
			};
			name = Release;
		};
		4B3358D8204F01D80022E1D7 /* Debug */ = {
			isa = XCBuildConfiguration;
			baseConfigurationReference = D1DDE82F3EF26A550DDA32FF /* Pods-Fleetv3Tests.debug.xcconfig */;
			buildSettings = {
				ALWAYS_EMBED_SWIFT_STANDARD_LIBRARIES = YES;
				BUNDLE_LOADER = "$(TEST_HOST)";
				CODE_SIGN_STYLE = Automatic;
				DEVELOPMENT_TEAM = 8V55PVKBZ2;
				INFOPLIST_FILE = Fleetv3Tests/Info.plist;
				LD_RUNPATH_SEARCH_PATHS = "$(inherited) @executable_path/Frameworks @loader_path/Frameworks";
				PRODUCT_BUNDLE_IDENTIFIER = Code93Leemster.Fleetv3Tests;
				PRODUCT_NAME = "$(TARGET_NAME)";
				SWIFT_VERSION = 4.0;
				TARGETED_DEVICE_FAMILY = "1,2";
				TEST_HOST = "$(BUILT_PRODUCTS_DIR)/Fleetv3.app/Fleetv3";
			};
			name = Debug;
		};
		4B3358D9204F01D80022E1D7 /* Release */ = {
			isa = XCBuildConfiguration;
			baseConfigurationReference = E9093354817527AE7E8B2D88 /* Pods-Fleetv3Tests.release.xcconfig */;
			buildSettings = {
				ALWAYS_EMBED_SWIFT_STANDARD_LIBRARIES = YES;
				BUNDLE_LOADER = "$(TEST_HOST)";
				CODE_SIGN_STYLE = Automatic;
				DEVELOPMENT_TEAM = 8V55PVKBZ2;
				INFOPLIST_FILE = Fleetv3Tests/Info.plist;
				LD_RUNPATH_SEARCH_PATHS = "$(inherited) @executable_path/Frameworks @loader_path/Frameworks";
				PRODUCT_BUNDLE_IDENTIFIER = Code93Leemster.Fleetv3Tests;
				PRODUCT_NAME = "$(TARGET_NAME)";
				SWIFT_VERSION = 4.0;
				TARGETED_DEVICE_FAMILY = "1,2";
				TEST_HOST = "$(BUILT_PRODUCTS_DIR)/Fleetv3.app/Fleetv3";
			};
			name = Release;
		};
		4B3358DB204F01D80022E1D7 /* Debug */ = {
			isa = XCBuildConfiguration;
			baseConfigurationReference = AD149117C42542DA8908CBF9 /* Pods-Fleetv3UITests.debug.xcconfig */;
			buildSettings = {
				ALWAYS_EMBED_SWIFT_STANDARD_LIBRARIES = YES;
				CODE_SIGN_STYLE = Automatic;
				DEVELOPMENT_TEAM = 8V55PVKBZ2;
				INFOPLIST_FILE = Fleetv3UITests/Info.plist;
				LD_RUNPATH_SEARCH_PATHS = "$(inherited) @executable_path/Frameworks @loader_path/Frameworks";
				PRODUCT_BUNDLE_IDENTIFIER = Code93Leemster.Fleetv3UITests;
				PRODUCT_NAME = "$(TARGET_NAME)";
				SWIFT_VERSION = 4.0;
				TARGETED_DEVICE_FAMILY = "1,2";
				TEST_TARGET_NAME = Fleetv3;
			};
			name = Debug;
		};
		4B3358DC204F01D80022E1D7 /* Release */ = {
			isa = XCBuildConfiguration;
			baseConfigurationReference = 4486984BD58BE80A995794E3 /* Pods-Fleetv3UITests.release.xcconfig */;
			buildSettings = {
				ALWAYS_EMBED_SWIFT_STANDARD_LIBRARIES = YES;
				CODE_SIGN_STYLE = Automatic;
				DEVELOPMENT_TEAM = 8V55PVKBZ2;
				INFOPLIST_FILE = Fleetv3UITests/Info.plist;
				LD_RUNPATH_SEARCH_PATHS = "$(inherited) @executable_path/Frameworks @loader_path/Frameworks";
				PRODUCT_BUNDLE_IDENTIFIER = Code93Leemster.Fleetv3UITests;
				PRODUCT_NAME = "$(TARGET_NAME)";
				SWIFT_VERSION = 4.0;
				TARGETED_DEVICE_FAMILY = "1,2";
				TEST_TARGET_NAME = Fleetv3;
			};
			name = Release;
		};
/* End XCBuildConfiguration section */

/* Begin XCConfigurationList section */
		4B3358A7204F01D70022E1D7 /* Build configuration list for PBXProject "Fleetv3" */ = {
			isa = XCConfigurationList;
			buildConfigurations = (
				4B3358D2204F01D80022E1D7 /* Debug */,
				4B3358D3204F01D80022E1D7 /* Release */,
			);
			defaultConfigurationIsVisible = 0;
			defaultConfigurationName = Release;
		};
		4B3358D4204F01D80022E1D7 /* Build configuration list for PBXNativeTarget "Fleetv3" */ = {
			isa = XCConfigurationList;
			buildConfigurations = (
				4B3358D5204F01D80022E1D7 /* Debug */,
				4B3358D6204F01D80022E1D7 /* Release */,
			);
			defaultConfigurationIsVisible = 0;
			defaultConfigurationName = Release;
		};
		4B3358D7204F01D80022E1D7 /* Build configuration list for PBXNativeTarget "Fleetv3Tests" */ = {
			isa = XCConfigurationList;
			buildConfigurations = (
				4B3358D8204F01D80022E1D7 /* Debug */,
				4B3358D9204F01D80022E1D7 /* Release */,
			);
			defaultConfigurationIsVisible = 0;
			defaultConfigurationName = Release;
		};
		4B3358DA204F01D80022E1D7 /* Build configuration list for PBXNativeTarget "Fleetv3UITests" */ = {
			isa = XCConfigurationList;
			buildConfigurations = (
				4B3358DB204F01D80022E1D7 /* Debug */,
				4B3358DC204F01D80022E1D7 /* Release */,
			);
			defaultConfigurationIsVisible = 0;
			defaultConfigurationName = Release;
		};
/* End XCConfigurationList section */
	};
	rootObject = 4B3358A4204F01D70022E1D7 /* Project object */;
}
