// !$*UTF8*$!
{
	archiveVersion = 1;
	classes = {
	};
	objectVersion = 48;
	objects = {

/* Begin PBXBuildFile section */
		4B73FED720266B5500B3A9ED /* AppDelegate.swift in Sources */ = {isa = PBXBuildFile; fileRef = 4B73FED620266B5500B3A9ED /* AppDelegate.swift */; };
		4B73FED920266B5500B3A9ED /* ViewController.swift in Sources */ = {isa = PBXBuildFile; fileRef = 4B73FED820266B5500B3A9ED /* ViewController.swift */; };
		4B73FEDC20266B5500B3A9ED /* Main.storyboard in Resources */ = {isa = PBXBuildFile; fileRef = 4B73FEDA20266B5500B3A9ED /* Main.storyboard */; };
		4B73FEDE20266B5500B3A9ED /* Assets.xcassets in Resources */ = {isa = PBXBuildFile; fileRef = 4B73FEDD20266B5500B3A9ED /* Assets.xcassets */; };
		4B73FEE120266B5500B3A9ED /* LaunchScreen.storyboard in Resources */ = {isa = PBXBuildFile; fileRef = 4B73FEDF20266B5500B3A9ED /* LaunchScreen.storyboard */; };
		4B73FEEC20266B5600B3A9ED /* CalculatorTests.swift in Sources */ = {isa = PBXBuildFile; fileRef = 4B73FEEB20266B5600B3A9ED /* CalculatorTests.swift */; };
		4B73FEF720266B5600B3A9ED /* CalculatorUITests.swift in Sources */ = {isa = PBXBuildFile; fileRef = 4B73FEF620266B5600B3A9ED /* CalculatorUITests.swift */; };
/* End PBXBuildFile section */

/* Begin PBXContainerItemProxy section */
		4B73FEE820266B5600B3A9ED /* PBXContainerItemProxy */ = {
			isa = PBXContainerItemProxy;
			containerPortal = 4B73FECB20266B5500B3A9ED /* Project object */;
			proxyType = 1;
			remoteGlobalIDString = 4B73FED220266B5500B3A9ED;
			remoteInfo = Calculator;
		};
		4B73FEF320266B5600B3A9ED /* PBXContainerItemProxy */ = {
			isa = PBXContainerItemProxy;
			containerPortal = 4B73FECB20266B5500B3A9ED /* Project object */;
			proxyType = 1;
			remoteGlobalIDString = 4B73FED220266B5500B3A9ED;
			remoteInfo = Calculator;
		};
/* End PBXContainerItemProxy section */

/* Begin PBXFileReference section */
		4B73FED320266B5500B3A9ED /* Calculator.app */ = {isa = PBXFileReference; explicitFileType = wrapper.application; includeInIndex = 0; path = Calculator.app; sourceTree = BUILT_PRODUCTS_DIR; };
		4B73FED620266B5500B3A9ED /* AppDelegate.swift */ = {isa = PBXFileReference; lastKnownFileType = sourcecode.swift; path = AppDelegate.swift; sourceTree = "<group>"; };
		4B73FED820266B5500B3A9ED /* ViewController.swift */ = {isa = PBXFileReference; lastKnownFileType = sourcecode.swift; path = ViewController.swift; sourceTree = "<group>"; };
		4B73FEDB20266B5500B3A9ED /* Base */ = {isa = PBXFileReference; lastKnownFileType = file.storyboard; name = Base; path = Base.lproj/Main.storyboard; sourceTree = "<group>"; };
		4B73FEDD20266B5500B3A9ED /* Assets.xcassets */ = {isa = PBXFileReference; lastKnownFileType = folder.assetcatalog; path = Assets.xcassets; sourceTree = "<group>"; };
		4B73FEE020266B5500B3A9ED /* Base */ = {isa = PBXFileReference; lastKnownFileType = file.storyboard; name = Base; path = Base.lproj/LaunchScreen.storyboard; sourceTree = "<group>"; };
		4B73FEE220266B5500B3A9ED /* Info.plist */ = {isa = PBXFileReference; lastKnownFileType = text.plist.xml; path = Info.plist; sourceTree = "<group>"; };
		4B73FEE720266B5600B3A9ED /* CalculatorTests.xctest */ = {isa = PBXFileReference; explicitFileType = wrapper.cfbundle; includeInIndex = 0; path = CalculatorTests.xctest; sourceTree = BUILT_PRODUCTS_DIR; };
		4B73FEEB20266B5600B3A9ED /* CalculatorTests.swift */ = {isa = PBXFileReference; lastKnownFileType = sourcecode.swift; path = CalculatorTests.swift; sourceTree = "<group>"; };
		4B73FEED20266B5600B3A9ED /* Info.plist */ = {isa = PBXFileReference; lastKnownFileType = text.plist.xml; path = Info.plist; sourceTree = "<group>"; };
		4B73FEF220266B5600B3A9ED /* CalculatorUITests.xctest */ = {isa = PBXFileReference; explicitFileType = wrapper.cfbundle; includeInIndex = 0; path = CalculatorUITests.xctest; sourceTree = BUILT_PRODUCTS_DIR; };
		4B73FEF620266B5600B3A9ED /* CalculatorUITests.swift */ = {isa = PBXFileReference; lastKnownFileType = sourcecode.swift; path = CalculatorUITests.swift; sourceTree = "<group>"; };
		4B73FEF820266B5600B3A9ED /* Info.plist */ = {isa = PBXFileReference; lastKnownFileType = text.plist.xml; path = Info.plist; sourceTree = "<group>"; };
/* End PBXFileReference section */

/* Begin PBXFrameworksBuildPhase section */
		4B73FED020266B5500B3A9ED /* Frameworks */ = {
			isa = PBXFrameworksBuildPhase;
			buildActionMask = 2147483647;
			files = (
			);
			runOnlyForDeploymentPostprocessing = 0;
		};
		4B73FEE420266B5600B3A9ED /* Frameworks */ = {
			isa = PBXFrameworksBuildPhase;
			buildActionMask = 2147483647;
			files = (
			);
			runOnlyForDeploymentPostprocessing = 0;
		};
		4B73FEEF20266B5600B3A9ED /* Frameworks */ = {
			isa = PBXFrameworksBuildPhase;
			buildActionMask = 2147483647;
			files = (
			);
			runOnlyForDeploymentPostprocessing = 0;
		};
/* End PBXFrameworksBuildPhase section */

/* Begin PBXGroup section */
		4B73FECA20266B5500B3A9ED = {
			isa = PBXGroup;
			children = (
				4B73FED520266B5500B3A9ED /* Calculator */,
				4B73FEEA20266B5600B3A9ED /* CalculatorTests */,
				4B73FEF520266B5600B3A9ED /* CalculatorUITests */,
				4B73FED420266B5500B3A9ED /* Products */,
			);
			sourceTree = "<group>";
		};
		4B73FED420266B5500B3A9ED /* Products */ = {
			isa = PBXGroup;
			children = (
				4B73FED320266B5500B3A9ED /* Calculator.app */,
				4B73FEE720266B5600B3A9ED /* CalculatorTests.xctest */,
				4B73FEF220266B5600B3A9ED /* CalculatorUITests.xctest */,
			);
			name = Products;
			sourceTree = "<group>";
		};
		4B73FED520266B5500B3A9ED /* Calculator */ = {
			isa = PBXGroup;
			children = (
				4B73FED620266B5500B3A9ED /* AppDelegate.swift */,
				4B73FED820266B5500B3A9ED /* ViewController.swift */,
				4B73FEDA20266B5500B3A9ED /* Main.storyboard */,
				4B73FEDD20266B5500B3A9ED /* Assets.xcassets */,
				4B73FEDF20266B5500B3A9ED /* LaunchScreen.storyboard */,
				4B73FEE220266B5500B3A9ED /* Info.plist */,
			);
			path = Calculator;
			sourceTree = "<group>";
		};
		4B73FEEA20266B5600B3A9ED /* CalculatorTests */ = {
			isa = PBXGroup;
			children = (
				4B73FEEB20266B5600B3A9ED /* CalculatorTests.swift */,
				4B73FEED20266B5600B3A9ED /* Info.plist */,
			);
			path = CalculatorTests;
			sourceTree = "<group>";
		};
		4B73FEF520266B5600B3A9ED /* CalculatorUITests */ = {
			isa = PBXGroup;
			children = (
				4B73FEF620266B5600B3A9ED /* CalculatorUITests.swift */,
				4B73FEF820266B5600B3A9ED /* Info.plist */,
			);
			path = CalculatorUITests;
			sourceTree = "<group>";
		};
/* End PBXGroup section */

/* Begin PBXNativeTarget section */
		4B73FED220266B5500B3A9ED /* Calculator */ = {
			isa = PBXNativeTarget;
			buildConfigurationList = 4B73FEFB20266B5600B3A9ED /* Build configuration list for PBXNativeTarget "Calculator" */;
			buildPhases = (
				4B73FECF20266B5500B3A9ED /* Sources */,
				4B73FED020266B5500B3A9ED /* Frameworks */,
				4B73FED120266B5500B3A9ED /* Resources */,
			);
			buildRules = (
			);
			dependencies = (
			);
			name = Calculator;
			productName = Calculator;
			productReference = 4B73FED320266B5500B3A9ED /* Calculator.app */;
			productType = "com.apple.product-type.application";
		};
		4B73FEE620266B5600B3A9ED /* CalculatorTests */ = {
			isa = PBXNativeTarget;
			buildConfigurationList = 4B73FEFE20266B5600B3A9ED /* Build configuration list for PBXNativeTarget "CalculatorTests" */;
			buildPhases = (
				4B73FEE320266B5600B3A9ED /* Sources */,
				4B73FEE420266B5600B3A9ED /* Frameworks */,
				4B73FEE520266B5600B3A9ED /* Resources */,
			);
			buildRules = (
			);
			dependencies = (
				4B73FEE920266B5600B3A9ED /* PBXTargetDependency */,
			);
			name = CalculatorTests;
			productName = CalculatorTests;
			productReference = 4B73FEE720266B5600B3A9ED /* CalculatorTests.xctest */;
			productType = "com.apple.product-type.bundle.unit-test";
		};
		4B73FEF120266B5600B3A9ED /* CalculatorUITests */ = {
			isa = PBXNativeTarget;
			buildConfigurationList = 4B73FF0120266B5600B3A9ED /* Build configuration list for PBXNativeTarget "CalculatorUITests" */;
			buildPhases = (
				4B73FEEE20266B5600B3A9ED /* Sources */,
				4B73FEEF20266B5600B3A9ED /* Frameworks */,
				4B73FEF020266B5600B3A9ED /* Resources */,
			);
			buildRules = (
			);
			dependencies = (
				4B73FEF420266B5600B3A9ED /* PBXTargetDependency */,
			);
			name = CalculatorUITests;
			productName = CalculatorUITests;
			productReference = 4B73FEF220266B5600B3A9ED /* CalculatorUITests.xctest */;
			productType = "com.apple.product-type.bundle.ui-testing";
		};
/* End PBXNativeTarget section */

/* Begin PBXProject section */
		4B73FECB20266B5500B3A9ED /* Project object */ = {
			isa = PBXProject;
			attributes = {
				LastSwiftUpdateCheck = 0920;
				LastUpgradeCheck = 0920;
				ORGANIZATIONNAME = "Aleem Javeed";
				TargetAttributes = {
					4B73FED220266B5500B3A9ED = {
						CreatedOnToolsVersion = 9.2;
						ProvisioningStyle = Automatic;
					};
					4B73FEE620266B5600B3A9ED = {
						CreatedOnToolsVersion = 9.2;
						ProvisioningStyle = Automatic;
						TestTargetID = 4B73FED220266B5500B3A9ED;
					};
					4B73FEF120266B5600B3A9ED = {
						CreatedOnToolsVersion = 9.2;
						ProvisioningStyle = Automatic;
						TestTargetID = 4B73FED220266B5500B3A9ED;
					};
				};
			};
			buildConfigurationList = 4B73FECE20266B5500B3A9ED /* Build configuration list for PBXProject "Calculator" */;
			compatibilityVersion = "Xcode 8.0";
			developmentRegion = en;
			hasScannedForEncodings = 0;
			knownRegions = (
				en,
				Base,
			);
			mainGroup = 4B73FECA20266B5500B3A9ED;
			productRefGroup = 4B73FED420266B5500B3A9ED /* Products */;
			projectDirPath = "";
			projectRoot = "";
			targets = (
				4B73FED220266B5500B3A9ED /* Calculator */,
				4B73FEE620266B5600B3A9ED /* CalculatorTests */,
				4B73FEF120266B5600B3A9ED /* CalculatorUITests */,
			);
		};
/* End PBXProject section */

/* Begin PBXResourcesBuildPhase section */
		4B73FED120266B5500B3A9ED /* Resources */ = {
			isa = PBXResourcesBuildPhase;
			buildActionMask = 2147483647;
			files = (
				4B73FEE120266B5500B3A9ED /* LaunchScreen.storyboard in Resources */,
				4B73FEDE20266B5500B3A9ED /* Assets.xcassets in Resources */,
				4B73FEDC20266B5500B3A9ED /* Main.storyboard in Resources */,
			);
			runOnlyForDeploymentPostprocessing = 0;
		};
		4B73FEE520266B5600B3A9ED /* Resources */ = {
			isa = PBXResourcesBuildPhase;
			buildActionMask = 2147483647;
			files = (
			);
			runOnlyForDeploymentPostprocessing = 0;
		};
		4B73FEF020266B5600B3A9ED /* Resources */ = {
			isa = PBXResourcesBuildPhase;
			buildActionMask = 2147483647;
			files = (
			);
			runOnlyForDeploymentPostprocessing = 0;
		};
/* End PBXResourcesBuildPhase section */

/* Begin PBXSourcesBuildPhase section */
		4B73FECF20266B5500B3A9ED /* Sources */ = {
			isa = PBXSourcesBuildPhase;
			buildActionMask = 2147483647;
			files = (
				4B73FED920266B5500B3A9ED /* ViewController.swift in Sources */,
				4B73FED720266B5500B3A9ED /* AppDelegate.swift in Sources */,
			);
			runOnlyForDeploymentPostprocessing = 0;
		};
		4B73FEE320266B5600B3A9ED /* Sources */ = {
			isa = PBXSourcesBuildPhase;
			buildActionMask = 2147483647;
			files = (
				4B73FEEC20266B5600B3A9ED /* CalculatorTests.swift in Sources */,
			);
			runOnlyForDeploymentPostprocessing = 0;
		};
		4B73FEEE20266B5600B3A9ED /* Sources */ = {
			isa = PBXSourcesBuildPhase;
			buildActionMask = 2147483647;
			files = (
				4B73FEF720266B5600B3A9ED /* CalculatorUITests.swift in Sources */,
			);
			runOnlyForDeploymentPostprocessing = 0;
		};
/* End PBXSourcesBuildPhase section */

/* Begin PBXTargetDependency section */
		4B73FEE920266B5600B3A9ED /* PBXTargetDependency */ = {
			isa = PBXTargetDependency;
			target = 4B73FED220266B5500B3A9ED /* Calculator */;
			targetProxy = 4B73FEE820266B5600B3A9ED /* PBXContainerItemProxy */;
		};
		4B73FEF420266B5600B3A9ED /* PBXTargetDependency */ = {
			isa = PBXTargetDependency;
			target = 4B73FED220266B5500B3A9ED /* Calculator */;
			targetProxy = 4B73FEF320266B5600B3A9ED /* PBXContainerItemProxy */;
		};
/* End PBXTargetDependency section */

/* Begin PBXVariantGroup section */
		4B73FEDA20266B5500B3A9ED /* Main.storyboard */ = {
			isa = PBXVariantGroup;
			children = (
				4B73FEDB20266B5500B3A9ED /* Base */,
			);
			name = Main.storyboard;
			sourceTree = "<group>";
		};
		4B73FEDF20266B5500B3A9ED /* LaunchScreen.storyboard */ = {
			isa = PBXVariantGroup;
			children = (
				4B73FEE020266B5500B3A9ED /* Base */,
			);
			name = LaunchScreen.storyboard;
			sourceTree = "<group>";
		};
/* End PBXVariantGroup section */

/* Begin XCBuildConfiguration section */
		4B73FEF920266B5600B3A9ED /* Debug */ = {
			isa = XCBuildConfiguration;
			buildSettings = {
				ALWAYS_SEARCH_USER_PATHS = NO;
				CLANG_ANALYZER_NONNULL = YES;
				CLANG_ANALYZER_NUMBER_OBJECT_CONVERSION = YES_AGGRESSIVE;
				CLANG_CXX_LANGUAGE_STANDARD = "gnu++14";
				CLANG_CXX_LIBRARY = "libc++";
				CLANG_ENABLE_MODULES = YES;
				CLANG_ENABLE_OBJC_ARC = YES;
				CLANG_WARN_BLOCK_CAPTURE_AUTORELEASING = YES;
				CLANG_WARN_BOOL_CONVERSION = YES;
				CLANG_WARN_COMMA = YES;
				CLANG_WARN_CONSTANT_CONVERSION = YES;
				CLANG_WARN_DIRECT_OBJC_ISA_USAGE = YES_ERROR;
				CLANG_WARN_DOCUMENTATION_COMMENTS = YES;
				CLANG_WARN_EMPTY_BODY = YES;
				CLANG_WARN_ENUM_CONVERSION = YES;
				CLANG_WARN_INFINITE_RECURSION = YES;
				CLANG_WARN_INT_CONVERSION = YES;
				CLANG_WARN_NON_LITERAL_NULL_CONVERSION = YES;
				CLANG_WARN_OBJC_LITERAL_CONVERSION = YES;
				CLANG_WARN_OBJC_ROOT_CLASS = YES_ERROR;
				CLANG_WARN_RANGE_LOOP_ANALYSIS = YES;
				CLANG_WARN_STRICT_PROTOTYPES = YES;
				CLANG_WARN_SUSPICIOUS_MOVE = YES;
				CLANG_WARN_UNGUARDED_AVAILABILITY = YES_AGGRESSIVE;
				CLANG_WARN_UNREACHABLE_CODE = YES;
				CLANG_WARN__DUPLICATE_METHOD_MATCH = YES;
				CODE_SIGN_IDENTITY = "iPhone Developer";
				COPY_PHASE_STRIP = NO;
				DEBUG_INFORMATION_FORMAT = dwarf;
				ENABLE_STRICT_OBJC_MSGSEND = YES;
				ENABLE_TESTABILITY = YES;
				GCC_C_LANGUAGE_STANDARD = gnu11;
				GCC_DYNAMIC_NO_PIC = NO;
				GCC_NO_COMMON_BLOCKS = YES;
				GCC_OPTIMIZATION_LEVEL = 0;
				GCC_PREPROCESSOR_DEFINITIONS = (
					"DEBUG=1",
					"$(inherited)",
				);
				GCC_WARN_64_TO_32_BIT_CONVERSION = YES;
				GCC_WARN_ABOUT_RETURN_TYPE = YES_ERROR;
				GCC_WARN_UNDECLARED_SELECTOR = YES;
				GCC_WARN_UNINITIALIZED_AUTOS = YES_AGGRESSIVE;
				GCC_WARN_UNUSED_FUNCTION = YES;
				GCC_WARN_UNUSED_VARIABLE = YES;
				IPHONEOS_DEPLOYMENT_TARGET = 11.2;
				MTL_ENABLE_DEBUG_INFO = YES;
				ONLY_ACTIVE_ARCH = YES;
				SDKROOT = iphoneos;
				SWIFT_ACTIVE_COMPILATION_CONDITIONS = DEBUG;
				SWIFT_OPTIMIZATION_LEVEL = "-Onone";
			};
			name = Debug;
		};
		4B73FEFA20266B5600B3A9ED /* Release */ = {
			isa = XCBuildConfiguration;
			buildSettings = {
				ALWAYS_SEARCH_USER_PATHS = NO;
				CLANG_ANALYZER_NONNULL = YES;
				CLANG_ANALYZER_NUMBER_OBJECT_CONVERSION = YES_AGGRESSIVE;
				CLANG_CXX_LANGUAGE_STANDARD = "gnu++14";
				CLANG_CXX_LIBRARY = "libc++";
				CLANG_ENABLE_MODULES = YES;
				CLANG_ENABLE_OBJC_ARC = YES;
				CLANG_WARN_BLOCK_CAPTURE_AUTORELEASING = YES;
				CLANG_WARN_BOOL_CONVERSION = YES;
				CLANG_WARN_COMMA = YES;
				CLANG_WARN_CONSTANT_CONVERSION = YES;
				CLANG_WARN_DIRECT_OBJC_ISA_USAGE = YES_ERROR;
				CLANG_WARN_DOCUMENTATION_COMMENTS = YES;
				CLANG_WARN_EMPTY_BODY = YES;
				CLANG_WARN_ENUM_CONVERSION = YES;
				CLANG_WARN_INFINITE_RECURSION = YES;
				CLANG_WARN_INT_CONVERSION = YES;
				CLANG_WARN_NON_LITERAL_NULL_CONVERSION = YES;
				CLANG_WARN_OBJC_LITERAL_CONVERSION = YES;
				CLANG_WARN_OBJC_ROOT_CLASS = YES_ERROR;
				CLANG_WARN_RANGE_LOOP_ANALYSIS = YES;
				CLANG_WARN_STRICT_PROTOTYPES = YES;
				CLANG_WARN_SUSPICIOUS_MOVE = YES;
				CLANG_WARN_UNGUARDED_AVAILABILITY = YES_AGGRESSIVE;
				CLANG_WARN_UNREACHABLE_CODE = YES;
				CLANG_WARN__DUPLICATE_METHOD_MATCH = YES;
				CODE_SIGN_IDENTITY = "iPhone Developer";
				COPY_PHASE_STRIP = NO;
				DEBUG_INFORMATION_FORMAT = "dwarf-with-dsym";
				ENABLE_NS_ASSERTIONS = NO;
				ENABLE_STRICT_OBJC_MSGSEND = YES;
				GCC_C_LANGUAGE_STANDARD = gnu11;
				GCC_NO_COMMON_BLOCKS = YES;
				GCC_WARN_64_TO_32_BIT_CONVERSION = YES;
				GCC_WARN_ABOUT_RETURN_TYPE = YES_ERROR;
				GCC_WARN_UNDECLARED_SELECTOR = YES;
				GCC_WARN_UNINITIALIZED_AUTOS = YES_AGGRESSIVE;
				GCC_WARN_UNUSED_FUNCTION = YES;
				GCC_WARN_UNUSED_VARIABLE = YES;
				IPHONEOS_DEPLOYMENT_TARGET = 11.2;
				MTL_ENABLE_DEBUG_INFO = NO;
				SDKROOT = iphoneos;
				SWIFT_OPTIMIZATION_LEVEL = "-Owholemodule";
				VALIDATE_PRODUCT = YES;
			};
			name = Release;
		};
		4B73FEFC20266B5600B3A9ED /* Debug */ = {
			isa = XCBuildConfiguration;
			buildSettings = {
				ASSETCATALOG_COMPILER_APPICON_NAME = AppIcon;
				CODE_SIGN_STYLE = Automatic;
				DEVELOPMENT_TEAM = 8V55PVKBZ2;
				INFOPLIST_FILE = Calculator/Info.plist;
				LD_RUNPATH_SEARCH_PATHS = "$(inherited) @executable_path/Frameworks";
				PRODUCT_BUNDLE_IDENTIFIER = Code9Leemster.Calculator;
				PRODUCT_NAME = "$(TARGET_NAME)";
				SWIFT_VERSION = 4.0;
				TARGETED_DEVICE_FAMILY = "1,2";
			};
			name = Debug;
		};
		4B73FEFD20266B5600B3A9ED /* Release */ = {
			isa = XCBuildConfiguration;
			buildSettings = {
				ASSETCATALOG_COMPILER_APPICON_NAME = AppIcon;
				CODE_SIGN_STYLE = Automatic;
				DEVELOPMENT_TEAM = 8V55PVKBZ2;
				INFOPLIST_FILE = Calculator/Info.plist;
				LD_RUNPATH_SEARCH_PATHS = "$(inherited) @executable_path/Frameworks";
				PRODUCT_BUNDLE_IDENTIFIER = Code9Leemster.Calculator;
				PRODUCT_NAME = "$(TARGET_NAME)";
				SWIFT_VERSION = 4.0;
				TARGETED_DEVICE_FAMILY = "1,2";
			};
			name = Release;
		};
		4B73FEFF20266B5600B3A9ED /* Debug */ = {
			isa = XCBuildConfiguration;
			buildSettings = {
				ALWAYS_EMBED_SWIFT_STANDARD_LIBRARIES = YES;
				BUNDLE_LOADER = "$(TEST_HOST)";
				CODE_SIGN_STYLE = Automatic;
				DEVELOPMENT_TEAM = 8V55PVKBZ2;
				INFOPLIST_FILE = CalculatorTests/Info.plist;
				LD_RUNPATH_SEARCH_PATHS = "$(inherited) @executable_path/Frameworks @loader_path/Frameworks";
				PRODUCT_BUNDLE_IDENTIFIER = Code9Leemster.CalculatorTests;
				PRODUCT_NAME = "$(TARGET_NAME)";
				SWIFT_VERSION = 4.0;
				TARGETED_DEVICE_FAMILY = "1,2";
				TEST_HOST = "$(BUILT_PRODUCTS_DIR)/Calculator.app/Calculator";
			};
			name = Debug;
		};
		4B73FF0020266B5600B3A9ED /* Release */ = {
			isa = XCBuildConfiguration;
			buildSettings = {
				ALWAYS_EMBED_SWIFT_STANDARD_LIBRARIES = YES;
				BUNDLE_LOADER = "$(TEST_HOST)";
				CODE_SIGN_STYLE = Automatic;
				DEVELOPMENT_TEAM = 8V55PVKBZ2;
				INFOPLIST_FILE = CalculatorTests/Info.plist;
				LD_RUNPATH_SEARCH_PATHS = "$(inherited) @executable_path/Frameworks @loader_path/Frameworks";
				PRODUCT_BUNDLE_IDENTIFIER = Code9Leemster.CalculatorTests;
				PRODUCT_NAME = "$(TARGET_NAME)";
				SWIFT_VERSION = 4.0;
				TARGETED_DEVICE_FAMILY = "1,2";
				TEST_HOST = "$(BUILT_PRODUCTS_DIR)/Calculator.app/Calculator";
			};
			name = Release;
		};
		4B73FF0220266B5600B3A9ED /* Debug */ = {
			isa = XCBuildConfiguration;
			buildSettings = {
				ALWAYS_EMBED_SWIFT_STANDARD_LIBRARIES = YES;
				CODE_SIGN_STYLE = Automatic;
				DEVELOPMENT_TEAM = 8V55PVKBZ2;
				INFOPLIST_FILE = CalculatorUITests/Info.plist;
				LD_RUNPATH_SEARCH_PATHS = "$(inherited) @executable_path/Frameworks @loader_path/Frameworks";
				PRODUCT_BUNDLE_IDENTIFIER = Code9Leemster.CalculatorUITests;
				PRODUCT_NAME = "$(TARGET_NAME)";
				SWIFT_VERSION = 4.0;
				TARGETED_DEVICE_FAMILY = "1,2";
				TEST_TARGET_NAME = Calculator;
			};
			name = Debug;
		};
		4B73FF0320266B5600B3A9ED /* Release */ = {
			isa = XCBuildConfiguration;
			buildSettings = {
				ALWAYS_EMBED_SWIFT_STANDARD_LIBRARIES = YES;
				CODE_SIGN_STYLE = Automatic;
				DEVELOPMENT_TEAM = 8V55PVKBZ2;
				INFOPLIST_FILE = CalculatorUITests/Info.plist;
				LD_RUNPATH_SEARCH_PATHS = "$(inherited) @executable_path/Frameworks @loader_path/Frameworks";
				PRODUCT_BUNDLE_IDENTIFIER = Code9Leemster.CalculatorUITests;
				PRODUCT_NAME = "$(TARGET_NAME)";
				SWIFT_VERSION = 4.0;
				TARGETED_DEVICE_FAMILY = "1,2";
				TEST_TARGET_NAME = Calculator;
			};
			name = Release;
		};
/* End XCBuildConfiguration section */

/* Begin XCConfigurationList section */
		4B73FECE20266B5500B3A9ED /* Build configuration list for PBXProject "Calculator" */ = {
			isa = XCConfigurationList;
			buildConfigurations = (
				4B73FEF920266B5600B3A9ED /* Debug */,
				4B73FEFA20266B5600B3A9ED /* Release */,
			);
			defaultConfigurationIsVisible = 0;
			defaultConfigurationName = Release;
		};
		4B73FEFB20266B5600B3A9ED /* Build configuration list for PBXNativeTarget "Calculator" */ = {
			isa = XCConfigurationList;
			buildConfigurations = (
				4B73FEFC20266B5600B3A9ED /* Debug */,
				4B73FEFD20266B5600B3A9ED /* Release */,
			);
			defaultConfigurationIsVisible = 0;
			defaultConfigurationName = Release;
		};
		4B73FEFE20266B5600B3A9ED /* Build configuration list for PBXNativeTarget "CalculatorTests" */ = {
			isa = XCConfigurationList;
			buildConfigurations = (
				4B73FEFF20266B5600B3A9ED /* Debug */,
				4B73FF0020266B5600B3A9ED /* Release */,
			);
			defaultConfigurationIsVisible = 0;
			defaultConfigurationName = Release;
		};
		4B73FF0120266B5600B3A9ED /* Build configuration list for PBXNativeTarget "CalculatorUITests" */ = {
			isa = XCConfigurationList;
			buildConfigurations = (
				4B73FF0220266B5600B3A9ED /* Debug */,
				4B73FF0320266B5600B3A9ED /* Release */,
			);
			defaultConfigurationIsVisible = 0;
			defaultConfigurationName = Release;
		};
/* End XCConfigurationList section */
	};
	rootObject = 4B73FECB20266B5500B3A9ED /* Project object */;
}
